
Microsoft Visual Studio Solution File, Format Version 12.00
# Visual Studio Version 17
VisualStudioVersion = 17.7.34202.233
MinimumVisualStudioVersion = 10.0.40219.1
Project("{FAE04EC0-301F-11D3-BF4B-00C04F79EFBC}") = "C#Lesson_1", "C#Lesson_1\C#Lesson_1.csproj", "{B55AC322-07A1-43D9-A4C5-0EE74AC057F0}"
EndProject
Project("{FAE04EC0-301F-11D3-BF4B-00C04F79EFBC}") = "C#Lesson_2", "C#Lesson_2\C#Lesson_2.csproj", "{BE5DEE90-1229-404B-B0EC-B6F82AA16EE2}"
EndProject
Project("{FAE04EC0-301F-11D3-BF4B-00C04F79EFBC}") = "C#Lesson_3", "C#Lesson_3\C#Lesson_3.csproj", "{96254D1C-6989-4448-BF44-DA9B04D651C8}"
EndProject
Project("{FAE04EC0-301F-11D3-BF4B-00C04F79EFBC}") = "test", "test\test.csproj", "{29F85520-9F89-482E-ACBB-3789DA72496F}"
EndProject
Project("{FAE04EC0-301F-11D3-BF4B-00C04F79EFBC}") = "C#Lesson_4", "C#Lesson_4\C#Lesson_4.csproj", "{17103577-E908-47EA-B47B-C889DAD44BA3}"
EndProject
Project("{FAE04EC0-301F-11D3-BF4B-00C04F79EFBC}") = "C#Lesson_6", "C#Lesson_6\C#Lesson_6.csproj", "{F762254A-7DF1-4AA1-96ED-BBE77A362472}"
EndProject
Project("{FAE04EC0-301F-11D3-BF4B-00C04F79EFBC}") = "C#Lesson_5", "C#Lesson_5\C#Lesson_5.csproj", "{5B7A378A-16EA-47AF-B1B4-3C1CF4D570E3}"
EndProject
Project("{FAE04EC0-301F-11D3-BF4B-00C04F79EFBC}") = "C#Lesson_7", "C#Lesson_7\C#Lesson_7.csproj", "{B3D05792-6FDC-4E3A-B383-08ECF585F4C7}"
EndProject
Project("{FAE04EC0-301F-11D3-BF4B-00C04F79EFBC}") = "C#Lesson_8", "C#Lesson_8\C#Lesson_8.csproj", "{4DEF6D37-825A-43F1-B7E2-661E2AB6559A}"
EndProject
Global
	GlobalSection(SolutionConfigurationPlatforms) = preSolution
		Debug|Any CPU = Debug|Any CPU
		Release|Any CPU = Release|Any CPU
	EndGlobalSection
	GlobalSection(ProjectConfigurationPlatforms) = postSolution
		{B55AC322-07A1-43D9-A4C5-0EE74AC057F0}.Debug|Any CPU.ActiveCfg = Debug|Any CPU
		{B55AC322-07A1-43D9-A4C5-0EE74AC057F0}.Debug|Any CPU.Build.0 = Debug|Any CPU
		{B55AC322-07A1-43D9-A4C5-0EE74AC057F0}.Release|Any CPU.ActiveCfg = Release|Any CPU
		{B55AC322-07A1-43D9-A4C5-0EE74AC057F0}.Release|Any CPU.Build.0 = Release|Any CPU
		{BE5DEE90-1229-404B-B0EC-B6F82AA16EE2}.Debug|Any CPU.ActiveCfg = Debug|Any CPU
		{BE5DEE90-1229-404B-B0EC-B6F82AA16EE2}.Debug|Any CPU.Build.0 = Debug|Any CPU
		{BE5DEE90-1229-404B-B0EC-B6F82AA16EE2}.Release|Any CPU.ActiveCfg = Release|Any CPU
		{BE5DEE90-1229-404B-B0EC-B6F82AA16EE2}.Release|Any CPU.Build.0 = Release|Any CPU
		{96254D1C-6989-4448-BF44-DA9B04D651C8}.Debug|Any CPU.ActiveCfg = Debug|Any CPU
		{96254D1C-6989-4448-BF44-DA9B04D651C8}.Debug|Any CPU.Build.0 = Debug|Any CPU
		{96254D1C-6989-4448-BF44-DA9B04D651C8}.Release|Any CPU.ActiveCfg = Release|Any CPU
		{96254D1C-6989-4448-BF44-DA9B04D651C8}.Release|Any CPU.Build.0 = Release|Any CPU
		{29F85520-9F89-482E-ACBB-3789DA72496F}.Debug|Any CPU.ActiveCfg = Debug|Any CPU
		{29F85520-9F89-482E-ACBB-3789DA72496F}.Debug|Any CPU.Build.0 = Debug|Any CPU
		{29F85520-9F89-482E-ACBB-3789DA72496F}.Release|Any CPU.ActiveCfg = Release|Any CPU
		{29F85520-9F89-482E-ACBB-3789DA72496F}.Release|Any CPU.Build.0 = Release|Any CPU
		{17103577-E908-47EA-B47B-C889DAD44BA3}.Debug|Any CPU.ActiveCfg = Debug|Any CPU
		{17103577-E908-47EA-B47B-C889DAD44BA3}.Debug|Any CPU.Build.0 = Debug|Any CPU
		{17103577-E908-47EA-B47B-C889DAD44BA3}.Release|Any CPU.ActiveCfg = Release|Any CPU
		{17103577-E908-47EA-B47B-C889DAD44BA3}.Release|Any CPU.Build.0 = Release|Any CPU
		{F762254A-7DF1-4AA1-96ED-BBE77A362472}.Debug|Any CPU.ActiveCfg = Debug|Any CPU
		{F762254A-7DF1-4AA1-96ED-BBE77A362472}.Debug|Any CPU.Build.0 = Debug|Any CPU
		{F762254A-7DF1-4AA1-96ED-BBE77A362472}.Release|Any CPU.ActiveCfg = Release|Any CPU
		{F762254A-7DF1-4AA1-96ED-BBE77A362472}.Release|Any CPU.Build.0 = Release|Any CPU
		{5B7A378A-16EA-47AF-B1B4-3C1CF4D570E3}.Debug|Any CPU.ActiveCfg = Debug|Any CPU
		{5B7A378A-16EA-47AF-B1B4-3C1CF4D570E3}.Debug|Any CPU.Build.0 = Debug|Any CPU
		{5B7A378A-16EA-47AF-B1B4-3C1CF4D570E3}.Release|Any CPU.ActiveCfg = Release|Any CPU
		{5B7A378A-16EA-47AF-B1B4-3C1CF4D570E3}.Release|Any CPU.Build.0 = Release|Any CPU
		{B3D05792-6FDC-4E3A-B383-08ECF585F4C7}.Debug|Any CPU.ActiveCfg = Debug|Any CPU
		{B3D05792-6FDC-4E3A-B383-08ECF585F4C7}.Debug|Any CPU.Build.0 = Debug|Any CPU
		{B3D05792-6FDC-4E3A-B383-08ECF585F4C7}.Release|Any CPU.ActiveCfg = Release|Any CPU
		{B3D05792-6FDC-4E3A-B383-08ECF585F4C7}.Release|Any CPU.Build.0 = Release|Any CPU
		{4DEF6D37-825A-43F1-B7E2-661E2AB6559A}.Debug|Any CPU.ActiveCfg = Debug|Any CPU
		{4DEF6D37-825A-43F1-B7E2-661E2AB6559A}.Debug|Any CPU.Build.0 = Debug|Any CPU
		{4DEF6D37-825A-43F1-B7E2-661E2AB6559A}.Release|Any CPU.ActiveCfg = Release|Any CPU
		{4DEF6D37-825A-43F1-B7E2-661E2AB6559A}.Release|Any CPU.Build.0 = Release|Any CPU
	EndGlobalSection
	GlobalSection(SolutionProperties) = preSolution
		HideSolutionNode = FALSE
	EndGlobalSection
	GlobalSection(ExtensibilityGlobals) = postSolution
		SolutionGuid = {F0B60EA5-AF86-40ED-9C03-80026099ADF9}
	EndGlobalSection
EndGlobal
